// !$*UTF8*$!
{
	archiveVersion = 1;
	classes = {
	};
	objectVersion = 55;
	objects = {

/* Begin PBXBuildFile section */
		71D3A5F027DB488000DEBE35 /* Tests_iOS.swift in Sources */ = {isa = PBXBuildFile; fileRef = 71D3A5EF27DB488000DEBE35 /* Tests_iOS.swift */; };
		71D3A5F227DB488000DEBE35 /* Tests_iOSLaunchTests.swift in Sources */ = {isa = PBXBuildFile; fileRef = 71D3A5F127DB488000DEBE35 /* Tests_iOSLaunchTests.swift */; };
		71D3A5FC27DB488000DEBE35 /* Tests_macOS.swift in Sources */ = {isa = PBXBuildFile; fileRef = 71D3A5FB27DB488000DEBE35 /* Tests_macOS.swift */; };
		71D3A5FE27DB488000DEBE35 /* Tests_macOSLaunchTests.swift in Sources */ = {isa = PBXBuildFile; fileRef = 71D3A5FD27DB488000DEBE35 /* Tests_macOSLaunchTests.swift */; };
		71D3A5FF27DB488000DEBE35 /* jellerApp.swift in Sources */ = {isa = PBXBuildFile; fileRef = 71D3A5D727DB487F00DEBE35 /* jellerApp.swift */; };
		71D3A60027DB488000DEBE35 /* jellerApp.swift in Sources */ = {isa = PBXBuildFile; fileRef = 71D3A5D727DB487F00DEBE35 /* jellerApp.swift */; };
		71D3A60127DB488000DEBE35 /* ContentView.swift in Sources */ = {isa = PBXBuildFile; fileRef = 71D3A5D827DB487F00DEBE35 /* ContentView.swift */; };
		71D3A60227DB488000DEBE35 /* ContentView.swift in Sources */ = {isa = PBXBuildFile; fileRef = 71D3A5D827DB487F00DEBE35 /* ContentView.swift */; };
		71D3A60327DB488000DEBE35 /* Assets.xcassets in Resources */ = {isa = PBXBuildFile; fileRef = 71D3A5D927DB487F00DEBE35 /* Assets.xcassets */; };
		71D3A60427DB488000DEBE35 /* Assets.xcassets in Resources */ = {isa = PBXBuildFile; fileRef = 71D3A5D927DB487F00DEBE35 /* Assets.xcassets */; };
/* End PBXBuildFile section */

/* Begin PBXContainerItemProxy section */
		71D3A5EC27DB488000DEBE35 /* PBXContainerItemProxy */ = {
			isa = PBXContainerItemProxy;
			containerPortal = 71D3A5D227DB487E00DEBE35 /* Project object */;
			proxyType = 1;
			remoteGlobalIDString = 71D3A5DD27DB488000DEBE35;
			remoteInfo = "jeller (iOS)";
		};
		71D3A5F827DB488000DEBE35 /* PBXContainerItemProxy */ = {
			isa = PBXContainerItemProxy;
			containerPortal = 71D3A5D227DB487E00DEBE35 /* Project object */;
			proxyType = 1;
			remoteGlobalIDString = 71D3A5E327DB488000DEBE35;
			remoteInfo = "jeller (macOS)";
		};
/* End PBXContainerItemProxy section */

/* Begin PBXFileReference section */
		71D3A5D727DB487F00DEBE35 /* jellerApp.swift */ = {isa = PBXFileReference; lastKnownFileType = sourcecode.swift; path = jellerApp.swift; sourceTree = "<group>"; };
		71D3A5D827DB487F00DEBE35 /* ContentView.swift */ = {isa = PBXFileReference; lastKnownFileType = sourcecode.swift; path = ContentView.swift; sourceTree = "<group>"; };
		71D3A5D927DB487F00DEBE35 /* Assets.xcassets */ = {isa = PBXFileReference; lastKnownFileType = folder.assetcatalog; path = Assets.xcassets; sourceTree = "<group>"; };
		71D3A5DE27DB488000DEBE35 /* jeller.app */ = {isa = PBXFileReference; explicitFileType = wrapper.application; includeInIndex = 0; path = jeller.app; sourceTree = BUILT_PRODUCTS_DIR; };
		71D3A5E427DB488000DEBE35 /* jeller.app */ = {isa = PBXFileReference; explicitFileType = wrapper.application; includeInIndex = 0; path = jeller.app; sourceTree = BUILT_PRODUCTS_DIR; };
		71D3A5E627DB488000DEBE35 /* macOS.entitlements */ = {isa = PBXFileReference; lastKnownFileType = text.plist.entitlements; path = macOS.entitlements; sourceTree = "<group>"; };
		71D3A5EB27DB488000DEBE35 /* Tests iOS.xctest */ = {isa = PBXFileReference; explicitFileType = wrapper.cfbundle; includeInIndex = 0; path = "Tests iOS.xctest"; sourceTree = BUILT_PRODUCTS_DIR; };
		71D3A5EF27DB488000DEBE35 /* Tests_iOS.swift */ = {isa = PBXFileReference; lastKnownFileType = sourcecode.swift; path = Tests_iOS.swift; sourceTree = "<group>"; };
		71D3A5F127DB488000DEBE35 /* Tests_iOSLaunchTests.swift */ = {isa = PBXFileReference; lastKnownFileType = sourcecode.swift; path = Tests_iOSLaunchTests.swift; sourceTree = "<group>"; };
		71D3A5F727DB488000DEBE35 /* Tests macOS.xctest */ = {isa = PBXFileReference; explicitFileType = wrapper.cfbundle; includeInIndex = 0; path = "Tests macOS.xctest"; sourceTree = BUILT_PRODUCTS_DIR; };
		71D3A5FB27DB488000DEBE35 /* Tests_macOS.swift */ = {isa = PBXFileReference; lastKnownFileType = sourcecode.swift; path = Tests_macOS.swift; sourceTree = "<group>"; };
		71D3A5FD27DB488000DEBE35 /* Tests_macOSLaunchTests.swift */ = {isa = PBXFileReference; lastKnownFileType = sourcecode.swift; path = Tests_macOSLaunchTests.swift; sourceTree = "<group>"; };
/* End PBXFileReference section */

/* Begin PBXFrameworksBuildPhase section */
		71D3A5DB27DB488000DEBE35 /* Frameworks */ = {
			isa = PBXFrameworksBuildPhase;
			buildActionMask = 2147483647;
			files = (
			);
			runOnlyForDeploymentPostprocessing = 0;
		};
		71D3A5E127DB488000DEBE35 /* Frameworks */ = {
			isa = PBXFrameworksBuildPhase;
			buildActionMask = 2147483647;
			files = (
			);
			runOnlyForDeploymentPostprocessing = 0;
		};
		71D3A5E827DB488000DEBE35 /* Frameworks */ = {
			isa = PBXFrameworksBuildPhase;
			buildActionMask = 2147483647;
			files = (
			);
			runOnlyForDeploymentPostprocessing = 0;
		};
		71D3A5F427DB488000DEBE35 /* Frameworks */ = {
			isa = PBXFrameworksBuildPhase;
			buildActionMask = 2147483647;
			files = (
			);
			runOnlyForDeploymentPostprocessing = 0;
		};
/* End PBXFrameworksBuildPhase section */

/* Begin PBXGroup section */
		71D3A5D127DB487E00DEBE35 = {
			isa = PBXGroup;
			children = (
				71D3A5D627DB487E00DEBE35 /* Shared */,
				71D3A5E527DB488000DEBE35 /* macOS */,
				71D3A5EE27DB488000DEBE35 /* Tests iOS */,
				71D3A5FA27DB488000DEBE35 /* Tests macOS */,
				71D3A5DF27DB488000DEBE35 /* Products */,
			);
			sourceTree = "<group>";
		};
		71D3A5D627DB487E00DEBE35 /* Shared */ = {
			isa = PBXGroup;
			children = (
				71D3A5D727DB487F00DEBE35 /* jellerApp.swift */,
				71D3A5D827DB487F00DEBE35 /* ContentView.swift */,
				71D3A5D927DB487F00DEBE35 /* Assets.xcassets */,
			);
			path = Shared;
			sourceTree = "<group>";
		};
		71D3A5DF27DB488000DEBE35 /* Products */ = {
			isa = PBXGroup;
			children = (
				71D3A5DE27DB488000DEBE35 /* jeller.app */,
				71D3A5E427DB488000DEBE35 /* jeller.app */,
				71D3A5EB27DB488000DEBE35 /* Tests iOS.xctest */,
				71D3A5F727DB488000DEBE35 /* Tests macOS.xctest */,
			);
			name = Products;
			sourceTree = "<group>";
		};
		71D3A5E527DB488000DEBE35 /* macOS */ = {
			isa = PBXGroup;
			children = (
				71D3A5E627DB488000DEBE35 /* macOS.entitlements */,
			);
			path = macOS;
			sourceTree = "<group>";
		};
		71D3A5EE27DB488000DEBE35 /* Tests iOS */ = {
			isa = PBXGroup;
			children = (
				71D3A5EF27DB488000DEBE35 /* Tests_iOS.swift */,
				71D3A5F127DB488000DEBE35 /* Tests_iOSLaunchTests.swift */,
			);
			path = "Tests iOS";
			sourceTree = "<group>";
		};
		71D3A5FA27DB488000DEBE35 /* Tests macOS */ = {
			isa = PBXGroup;
			children = (
				71D3A5FB27DB488000DEBE35 /* Tests_macOS.swift */,
				71D3A5FD27DB488000DEBE35 /* Tests_macOSLaunchTests.swift */,
			);
			path = "Tests macOS";
			sourceTree = "<group>";
		};
/* End PBXGroup section */

/* Begin PBXNativeTarget section */
		71D3A5DD27DB488000DEBE35 /* jeller (iOS) */ = {
			isa = PBXNativeTarget;
			buildConfigurationList = 71D3A60727DB488000DEBE35 /* Build configuration list for PBXNativeTarget "jeller (iOS)" */;
			buildPhases = (
				71D3A5DA27DB488000DEBE35 /* Sources */,
				71D3A5DB27DB488000DEBE35 /* Frameworks */,
				71D3A5DC27DB488000DEBE35 /* Resources */,
			);
			buildRules = (
			);
			dependencies = (
			);
			name = "jeller (iOS)";
			productName = "jeller (iOS)";
			productReference = 71D3A5DE27DB488000DEBE35 /* jeller.app */;
			productType = "com.apple.product-type.application";
		};
		71D3A5E327DB488000DEBE35 /* jeller (macOS) */ = {
			isa = PBXNativeTarget;
			buildConfigurationList = 71D3A60A27DB488000DEBE35 /* Build configuration list for PBXNativeTarget "jeller (macOS)" */;
			buildPhases = (
				71D3A5E027DB488000DEBE35 /* Sources */,
				71D3A5E127DB488000DEBE35 /* Frameworks */,
				71D3A5E227DB488000DEBE35 /* Resources */,
			);
			buildRules = (
			);
			dependencies = (
			);
			name = "jeller (macOS)";
			productName = "jeller (macOS)";
			productReference = 71D3A5E427DB488000DEBE35 /* jeller.app */;
			productType = "com.apple.product-type.application";
		};
		71D3A5EA27DB488000DEBE35 /* Tests iOS */ = {
			isa = PBXNativeTarget;
			buildConfigurationList = 71D3A60D27DB488000DEBE35 /* Build configuration list for PBXNativeTarget "Tests iOS" */;
			buildPhases = (
				71D3A5E727DB488000DEBE35 /* Sources */,
				71D3A5E827DB488000DEBE35 /* Frameworks */,
				71D3A5E927DB488000DEBE35 /* Resources */,
			);
			buildRules = (
			);
			dependencies = (
				71D3A5ED27DB488000DEBE35 /* PBXTargetDependency */,
			);
			name = "Tests iOS";
			productName = "Tests iOS";
			productReference = 71D3A5EB27DB488000DEBE35 /* Tests iOS.xctest */;
			productType = "com.apple.product-type.bundle.ui-testing";
		};
		71D3A5F627DB488000DEBE35 /* Tests macOS */ = {
			isa = PBXNativeTarget;
			buildConfigurationList = 71D3A61027DB488000DEBE35 /* Build configuration list for PBXNativeTarget "Tests macOS" */;
			buildPhases = (
				71D3A5F327DB488000DEBE35 /* Sources */,
				71D3A5F427DB488000DEBE35 /* Frameworks */,
				71D3A5F527DB488000DEBE35 /* Resources */,
			);
			buildRules = (
			);
			dependencies = (
				71D3A5F927DB488000DEBE35 /* PBXTargetDependency */,
			);
			name = "Tests macOS";
			productName = "Tests macOS";
			productReference = 71D3A5F727DB488000DEBE35 /* Tests macOS.xctest */;
			productType = "com.apple.product-type.bundle.ui-testing";
		};
/* End PBXNativeTarget section */

/* Begin PBXProject section */
		71D3A5D227DB487E00DEBE35 /* Project object */ = {
			isa = PBXProject;
			attributes = {
				BuildIndependentTargetsInParallel = 1;
				LastSwiftUpdateCheck = 1320;
				LastUpgradeCheck = 1320;
				TargetAttributes = {
					71D3A5DD27DB488000DEBE35 = {
						CreatedOnToolsVersion = 13.2.1;
					};
					71D3A5E327DB488000DEBE35 = {
						CreatedOnToolsVersion = 13.2.1;
					};
					71D3A5EA27DB488000DEBE35 = {
						CreatedOnToolsVersion = 13.2.1;
						TestTargetID = 71D3A5DD27DB488000DEBE35;
					};
					71D3A5F627DB488000DEBE35 = {
						CreatedOnToolsVersion = 13.2.1;
						TestTargetID = 71D3A5E327DB488000DEBE35;
					};
				};
			};
			buildConfigurationList = 71D3A5D527DB487E00DEBE35 /* Build configuration list for PBXProject "jeller" */;
			compatibilityVersion = "Xcode 13.0";
			developmentRegion = en;
			hasScannedForEncodings = 0;
			knownRegions = (
				en,
				Base,
			);
			mainGroup = 71D3A5D127DB487E00DEBE35;
			productRefGroup = 71D3A5DF27DB488000DEBE35 /* Products */;
			projectDirPath = "";
			projectRoot = "";
			targets = (
				71D3A5DD27DB488000DEBE35 /* jeller (iOS) */,
				71D3A5E327DB488000DEBE35 /* jeller (macOS) */,
				71D3A5EA27DB488000DEBE35 /* Tests iOS */,
				71D3A5F627DB488000DEBE35 /* Tests macOS */,
			);
		};
/* End PBXProject section */

/* Begin PBXResourcesBuildPhase section */
		71D3A5DC27DB488000DEBE35 /* Resources */ = {
			isa = PBXResourcesBuildPhase;
			buildActionMask = 2147483647;
			files = (
				71D3A60327DB488000DEBE35 /* Assets.xcassets in Resources */,
			);
			runOnlyForDeploymentPostprocessing = 0;
		};
		71D3A5E227DB488000DEBE35 /* Resources */ = {
			isa = PBXResourcesBuildPhase;
			buildActionMask = 2147483647;
			files = (
				71D3A60427DB488000DEBE35 /* Assets.xcassets in Resources */,
			);
			runOnlyForDeploymentPostprocessing = 0;
		};
		71D3A5E927DB488000DEBE35 /* Resources */ = {
			isa = PBXResourcesBuildPhase;
			buildActionMask = 2147483647;
			files = (
			);
			runOnlyForDeploymentPostprocessing = 0;
		};
		71D3A5F527DB488000DEBE35 /* Resources */ = {
			isa = PBXResourcesBuildPhase;
			buildActionMask = 2147483647;
			files = (
			);
			runOnlyForDeploymentPostprocessing = 0;
		};
/* End PBXResourcesBuildPhase section */

/* Begin PBXSourcesBuildPhase section */
		71D3A5DA27DB488000DEBE35 /* Sources */ = {
			isa = PBXSourcesBuildPhase;
			buildActionMask = 2147483647;
			files = (
				71D3A60127DB488000DEBE35 /* ContentView.swift in Sources */,
				71D3A5FF27DB488000DEBE35 /* jellerApp.swift in Sources */,
			);
			runOnlyForDeploymentPostprocessing = 0;
		};
		71D3A5E027DB488000DEBE35 /* Sources */ = {
			isa = PBXSourcesBuildPhase;
			buildActionMask = 2147483647;
			files = (
				71D3A60227DB488000DEBE35 /* ContentView.swift in Sources */,
				71D3A60027DB488000DEBE35 /* jellerApp.swift in Sources */,
			);
			runOnlyForDeploymentPostprocessing = 0;
		};
		71D3A5E727DB488000DEBE35 /* Sources */ = {
			isa = PBXSourcesBuildPhase;
			buildActionMask = 2147483647;
			files = (
				71D3A5F227DB488000DEBE35 /* Tests_iOSLaunchTests.swift in Sources */,
				71D3A5F027DB488000DEBE35 /* Tests_iOS.swift in Sources */,
			);
			runOnlyForDeploymentPostprocessing = 0;
		};
		71D3A5F327DB488000DEBE35 /* Sources */ = {
			isa = PBXSourcesBuildPhase;
			buildActionMask = 2147483647;
			files = (
				71D3A5FE27DB488000DEBE35 /* Tests_macOSLaunchTests.swift in Sources */,
				71D3A5FC27DB488000DEBE35 /* Tests_macOS.swift in Sources */,
			);
			runOnlyForDeploymentPostprocessing = 0;
		};
/* End PBXSourcesBuildPhase section */

/* Begin PBXTargetDependency section */
		71D3A5ED27DB488000DEBE35 /* PBXTargetDependency */ = {
			isa = PBXTargetDependency;
			target = 71D3A5DD27DB488000DEBE35 /* jeller (iOS) */;
			targetProxy = 71D3A5EC27DB488000DEBE35 /* PBXContainerItemProxy */;
		};
		71D3A5F927DB488000DEBE35 /* PBXTargetDependency */ = {
			isa = PBXTargetDependency;
			target = 71D3A5E327DB488000DEBE35 /* jeller (macOS) */;
			targetProxy = 71D3A5F827DB488000DEBE35 /* PBXContainerItemProxy */;
		};
/* End PBXTargetDependency section */

/* Begin XCBuildConfiguration section */
		71D3A60527DB488000DEBE35 /* Debug */ = {
			isa = XCBuildConfiguration;
			buildSettings = {
				ALWAYS_SEARCH_USER_PATHS = NO;
				CLANG_ANALYZER_NONNULL = YES;
				CLANG_ANALYZER_NUMBER_OBJECT_CONVERSION = YES_AGGRESSIVE;
				CLANG_CXX_LANGUAGE_STANDARD = "gnu++17";
				CLANG_CXX_LIBRARY = "libc++";
				CLANG_ENABLE_MODULES = YES;
				CLANG_ENABLE_OBJC_ARC = YES;
				CLANG_ENABLE_OBJC_WEAK = YES;
				CLANG_WARN_BLOCK_CAPTURE_AUTORELEASING = YES;
				CLANG_WARN_BOOL_CONVERSION = YES;
				CLANG_WARN_COMMA = YES;
				CLANG_WARN_CONSTANT_CONVERSION = YES;
				CLANG_WARN_DEPRECATED_OBJC_IMPLEMENTATIONS = YES;
				CLANG_WARN_DIRECT_OBJC_ISA_USAGE = YES_ERROR;
				CLANG_WARN_DOCUMENTATION_COMMENTS = YES;
				CLANG_WARN_EMPTY_BODY = YES;
				CLANG_WARN_ENUM_CONVERSION = YES;
				CLANG_WARN_INFINITE_RECURSION = YES;
				CLANG_WARN_INT_CONVERSION = YES;
				CLANG_WARN_NON_LITERAL_NULL_CONVERSION = YES;
				CLANG_WARN_OBJC_IMPLICIT_RETAIN_SELF = YES;
				CLANG_WARN_OBJC_LITERAL_CONVERSION = YES;
				CLANG_WARN_OBJC_ROOT_CLASS = YES_ERROR;
				CLANG_WARN_QUOTED_INCLUDE_IN_FRAMEWORK_HEADER = YES;
				CLANG_WARN_RANGE_LOOP_ANALYSIS = YES;
				CLANG_WARN_STRICT_PROTOTYPES = YES;
				CLANG_WARN_SUSPICIOUS_MOVE = YES;
				CLANG_WARN_UNGUARDED_AVAILABILITY = YES_AGGRESSIVE;
				CLANG_WARN_UNREACHABLE_CODE = YES;
				CLANG_WARN__DUPLICATE_METHOD_MATCH = YES;
				COPY_PHASE_STRIP = NO;
				DEBUG_INFORMATION_FORMAT = dwarf;
				ENABLE_STRICT_OBJC_MSGSEND = YES;
				ENABLE_TESTABILITY = YES;
				GCC_C_LANGUAGE_STANDARD = gnu11;
				GCC_DYNAMIC_NO_PIC = NO;
				GCC_NO_COMMON_BLOCKS = YES;
				GCC_OPTIMIZATION_LEVEL = 0;
				GCC_PREPROCESSOR_DEFINITIONS = (
					"DEBUG=1",
					"$(inherited)",
				);
				GCC_WARN_64_TO_32_BIT_CONVERSION = YES;
				GCC_WARN_ABOUT_RETURN_TYPE = YES_ERROR;
				GCC_WARN_UNDECLARED_SELECTOR = YES;
				GCC_WARN_UNINITIALIZED_AUTOS = YES_AGGRESSIVE;
				GCC_WARN_UNUSED_FUNCTION = YES;
				GCC_WARN_UNUSED_VARIABLE = YES;
				MTL_ENABLE_DEBUG_INFO = INCLUDE_SOURCE;
				MTL_FAST_MATH = YES;
				ONLY_ACTIVE_ARCH = YES;
				SWIFT_ACTIVE_COMPILATION_CONDITIONS = DEBUG;
				SWIFT_OPTIMIZATION_LEVEL = "-Onone";
			};
			name = Debug;
		};
		71D3A60627DB488000DEBE35 /* Release */ = {
			isa = XCBuildConfiguration;
			buildSettings = {
				ALWAYS_SEARCH_USER_PATHS = NO;
				CLANG_ANALYZER_NONNULL = YES;
				CLANG_ANALYZER_NUMBER_OBJECT_CONVERSION = YES_AGGRESSIVE;
				CLANG_CXX_LANGUAGE_STANDARD = "gnu++17";
				CLANG_CXX_LIBRARY = "libc++";
				CLANG_ENABLE_MODULES = YES;
				CLANG_ENABLE_OBJC_ARC = YES;
				CLANG_ENABLE_OBJC_WEAK = YES;
				CLANG_WARN_BLOCK_CAPTURE_AUTORELEASING = YES;
				CLANG_WARN_BOOL_CONVERSION = YES;
				CLANG_WARN_COMMA = YES;
				CLANG_WARN_CONSTANT_CONVERSION = YES;
				CLANG_WARN_DEPRECATED_OBJC_IMPLEMENTATIONS = YES;
				CLANG_WARN_DIRECT_OBJC_ISA_USAGE = YES_ERROR;
				CLANG_WARN_DOCUMENTATION_COMMENTS = YES;
				CLANG_WARN_EMPTY_BODY = YES;
				CLANG_WARN_ENUM_CONVERSION = YES;
				CLANG_WARN_INFINITE_RECURSION = YES;
				CLANG_WARN_INT_CONVERSION = YES;
				CLANG_WARN_NON_LITERAL_NULL_CONVERSION = YES;
				CLANG_WARN_OBJC_IMPLICIT_RETAIN_SELF = YES;
				CLANG_WARN_OBJC_LITERAL_CONVERSION = YES;
				CLANG_WARN_OBJC_ROOT_CLASS = YES_ERROR;
				CLANG_WARN_QUOTED_INCLUDE_IN_FRAMEWORK_HEADER = YES;
				CLANG_WARN_RANGE_LOOP_ANALYSIS = YES;
				CLANG_WARN_STRICT_PROTOTYPES = YES;
				CLANG_WARN_SUSPICIOUS_MOVE = YES;
				CLANG_WARN_UNGUARDED_AVAILABILITY = YES_AGGRESSIVE;
				CLANG_WARN_UNREACHABLE_CODE = YES;
				CLANG_WARN__DUPLICATE_METHOD_MATCH = YES;
				COPY_PHASE_STRIP = NO;
				DEBUG_INFORMATION_FORMAT = "dwarf-with-dsym";
				ENABLE_NS_ASSERTIONS = NO;
				ENABLE_STRICT_OBJC_MSGSEND = YES;
				GCC_C_LANGUAGE_STANDARD = gnu11;
				GCC_NO_COMMON_BLOCKS = YES;
				GCC_WARN_64_TO_32_BIT_CONVERSION = YES;
				GCC_WARN_ABOUT_RETURN_TYPE = YES_ERROR;
				GCC_WARN_UNDECLARED_SELECTOR = YES;
				GCC_WARN_UNINITIALIZED_AUTOS = YES_AGGRESSIVE;
				GCC_WARN_UNUSED_FUNCTION = YES;
				GCC_WARN_UNUSED_VARIABLE = YES;
				MTL_ENABLE_DEBUG_INFO = NO;
				MTL_FAST_MATH = YES;
				SWIFT_COMPILATION_MODE = wholemodule;
				SWIFT_OPTIMIZATION_LEVEL = "-O";
			};
			name = Release;
		};
		71D3A60827DB488000DEBE35 /* Debug */ = {
			isa = XCBuildConfiguration;
			buildSettings = {
				ASSETCATALOG_COMPILER_APPICON_NAME = AppIcon;
				ASSETCATALOG_COMPILER_GLOBAL_ACCENT_COLOR_NAME = AccentColor;
				CODE_SIGN_STYLE = Automatic;
				CURRENT_PROJECT_VERSION = 1;
				ENABLE_PREVIEWS = YES;
				GENERATE_INFOPLIST_FILE = YES;
				INFOPLIST_KEY_UIApplicationSceneManifest_Generation = YES;
				INFOPLIST_KEY_UIApplicationSupportsIndirectInputEvents = YES;
				INFOPLIST_KEY_UILaunchScreen_Generation = YES;
				INFOPLIST_KEY_UISupportedInterfaceOrientations_iPad = "UIInterfaceOrientationPortrait UIInterfaceOrientationPortraitUpsideDown UIInterfaceOrientationLandscapeLeft UIInterfaceOrientationLandscapeRight";
				INFOPLIST_KEY_UISupportedInterfaceOrientations_iPhone = "UIInterfaceOrientationPortrait UIInterfaceOrientationLandscapeLeft UIInterfaceOrientationLandscapeRight";
				IPHONEOS_DEPLOYMENT_TARGET = 15.2;
				LD_RUNPATH_SEARCH_PATHS = (
					"$(inherited)",
					"@executable_path/Frameworks",
				);
				MARKETING_VERSION = 1.0;
				PRODUCT_BUNDLE_IDENTIFIER = chess.jeller;
				PRODUCT_NAME = jeller;
				SDKROOT = iphoneos;
				SWIFT_EMIT_LOC_STRINGS = YES;
				SWIFT_VERSION = 5.0;
				TARGETED_DEVICE_FAMILY = "1,2";
			};
			name = Debug;
		};
		71D3A60927DB488000DEBE35 /* Release */ = {
			isa = XCBuildConfiguration;
			buildSettings = {
				ASSETCATALOG_COMPILER_APPICON_NAME = AppIcon;
				ASSETCATALOG_COMPILER_GLOBAL_ACCENT_COLOR_NAME = AccentColor;
				CODE_SIGN_STYLE = Automatic;
				CURRENT_PROJECT_VERSION = 1;
				ENABLE_PREVIEWS = YES;
				GENERATE_INFOPLIST_FILE = YES;
				INFOPLIST_KEY_UIApplicationSceneManifest_Generation = YES;
				INFOPLIST_KEY_UIApplicationSupportsIndirectInputEvents = YES;
				INFOPLIST_KEY_UILaunchScreen_Generation = YES;
				INFOPLIST_KEY_UISupportedInterfaceOrientations_iPad = "UIInterfaceOrientationPortrait UIInterfaceOrientationPortraitUpsideDown UIInterfaceOrientationLandscapeLeft UIInterfaceOrientationLandscapeRight";
				INFOPLIST_KEY_UISupportedInterfaceOrientations_iPhone = "UIInterfaceOrientationPortrait UIInterfaceOrientationLandscapeLeft UIInterfaceOrientationLandscapeRight";
				IPHONEOS_DEPLOYMENT_TARGET = 15.2;
				LD_RUNPATH_SEARCH_PATHS = (
					"$(inherited)",
					"@executable_path/Frameworks",
				);
				MARKETING_VERSION = 1.0;
				PRODUCT_BUNDLE_IDENTIFIER = chess.jeller;
				PRODUCT_NAME = jeller;
				SDKROOT = iphoneos;
				SWIFT_EMIT_LOC_STRINGS = YES;
				SWIFT_VERSION = 5.0;
				TARGETED_DEVICE_FAMILY = "1,2";
				VALIDATE_PRODUCT = YES;
			};
			name = Release;
		};
		71D3A60B27DB488000DEBE35 /* Debug */ = {
			isa = XCBuildConfiguration;
			buildSettings = {
				ASSETCATALOG_COMPILER_APPICON_NAME = AppIcon;
				ASSETCATALOG_COMPILER_GLOBAL_ACCENT_COLOR_NAME = AccentColor;
				CODE_SIGN_ENTITLEMENTS = macOS/macOS.entitlements;
				CODE_SIGN_STYLE = Automatic;
				COMBINE_HIDPI_IMAGES = YES;
				CURRENT_PROJECT_VERSION = 1;
				ENABLE_PREVIEWS = YES;
				GENERATE_INFOPLIST_FILE = YES;
				INFOPLIST_KEY_NSHumanReadableCopyright = "";
				LD_RUNPATH_SEARCH_PATHS = (
					"$(inherited)",
					"@executable_path/../Frameworks",
				);
				MACOSX_DEPLOYMENT_TARGET = 12.1;
				MARKETING_VERSION = 1.0;
				PRODUCT_BUNDLE_IDENTIFIER = chess.jeller;
				PRODUCT_NAME = jeller;
				SDKROOT = macosx;
				SWIFT_EMIT_LOC_STRINGS = YES;
				SWIFT_VERSION = 5.0;
			};
			name = Debug;
		};
		71D3A60C27DB488000DEBE35 /* Release */ = {
			isa = XCBuildConfiguration;
			buildSettings = {
				ASSETCATALOG_COMPILER_APPICON_NAME = AppIcon;
				ASSETCATALOG_COMPILER_GLOBAL_ACCENT_COLOR_NAME = AccentColor;
				CODE_SIGN_ENTITLEMENTS = macOS/macOS.entitlements;
				CODE_SIGN_STYLE = Automatic;
				COMBINE_HIDPI_IMAGES = YES;
				CURRENT_PROJECT_VERSION = 1;
				ENABLE_PREVIEWS = YES;
				GENERATE_INFOPLIST_FILE = YES;
				INFOPLIST_KEY_NSHumanReadableCopyright = "";
				LD_RUNPATH_SEARCH_PATHS = (
					"$(inherited)",
					"@executable_path/../Frameworks",
				);
				MACOSX_DEPLOYMENT_TARGET = 12.1;
				MARKETING_VERSION = 1.0;
				PRODUCT_BUNDLE_IDENTIFIER = chess.jeller;
				PRODUCT_NAME = jeller;
				SDKROOT = macosx;
				SWIFT_EMIT_LOC_STRINGS = YES;
				SWIFT_VERSION = 5.0;
			};
			name = Release;
		};
		71D3A60E27DB488000DEBE35 /* Debug */ = {
			isa = XCBuildConfiguration;
			buildSettings = {
				ALWAYS_EMBED_SWIFT_STANDARD_LIBRARIES = YES;
				CODE_SIGN_STYLE = Automatic;
				CURRENT_PROJECT_VERSION = 1;
				GENERATE_INFOPLIST_FILE = YES;
				IPHONEOS_DEPLOYMENT_TARGET = 15.2;
				MARKETING_VERSION = 1.0;
				PRODUCT_BUNDLE_IDENTIFIER = "chess.Tests-iOS";
				PRODUCT_NAME = "$(TARGET_NAME)";
				SDKROOT = iphoneos;
				SWIFT_EMIT_LOC_STRINGS = NO;
				SWIFT_VERSION = 5.0;
				TARGETED_DEVICE_FAMILY = "1,2";
				TEST_TARGET_NAME = "jeller (iOS)";
			};
			name = Debug;
		};
		71D3A60F27DB488000DEBE35 /* Release */ = {
			isa = XCBuildConfiguration;
			buildSettings = {
				ALWAYS_EMBED_SWIFT_STANDARD_LIBRARIES = YES;
				CODE_SIGN_STYLE = Automatic;
				CURRENT_PROJECT_VERSION = 1;
				GENERATE_INFOPLIST_FILE = YES;
				IPHONEOS_DEPLOYMENT_TARGET = 15.2;
				MARKETING_VERSION = 1.0;
				PRODUCT_BUNDLE_IDENTIFIER = "chess.Tests-iOS";
				PRODUCT_NAME = "$(TARGET_NAME)";
				SDKROOT = iphoneos;
				SWIFT_EMIT_LOC_STRINGS = NO;
				SWIFT_VERSION = 5.0;
				TARGETED_DEVICE_FAMILY = "1,2";
				TEST_TARGET_NAME = "jeller (iOS)";
				VALIDATE_PRODUCT = YES;
			};
			name = Release;
		};
		71D3A61127DB488000DEBE35 /* Debug */ = {
			isa = XCBuildConfiguration;
			buildSettings = {
				ALWAYS_EMBED_SWIFT_STANDARD_LIBRARIES = YES;
				CODE_SIGN_STYLE = Automatic;
				CURRENT_PROJECT_VERSION = 1;
				GENERATE_INFOPLIST_FILE = YES;
				MACOSX_DEPLOYMENT_TARGET = 12.1;
				MARKETING_VERSION = 1.0;
				PRODUCT_BUNDLE_IDENTIFIER = "chess.Tests-macOS";
				PRODUCT_NAME = "$(TARGET_NAME)";
				SDKROOT = macosx;
				SWIFT_EMIT_LOC_STRINGS = NO;
				SWIFT_VERSION = 5.0;
				TEST_TARGET_NAME = "jeller (macOS)";
			};
			name = Debug;
		};
		71D3A61227DB488000DEBE35 /* Release */ = {
			isa = XCBuildConfiguration;
			buildSettings = {
				ALWAYS_EMBED_SWIFT_STANDARD_LIBRARIES = YES;
				CODE_SIGN_STYLE = Automatic;
				CURRENT_PROJECT_VERSION = 1;
				GENERATE_INFOPLIST_FILE = YES;
				MACOSX_DEPLOYMENT_TARGET = 12.1;
				MARKETING_VERSION = 1.0;
				PRODUCT_BUNDLE_IDENTIFIER = "chess.Tests-macOS";
				PRODUCT_NAME = "$(TARGET_NAME)";
				SDKROOT = macosx;
				SWIFT_EMIT_LOC_STRINGS = NO;
				SWIFT_VERSION = 5.0;
				TEST_TARGET_NAME = "jeller (macOS)";
			};
			name = Release;
		};
/* End XCBuildConfiguration section */

/* Begin XCConfigurationList section */
		71D3A5D527DB487E00DEBE35 /* Build configuration list for PBXProject "jeller" */ = {
			isa = XCConfigurationList;
			buildConfigurations = (
				71D3A60527DB488000DEBE35 /* Debug */,
				71D3A60627DB488000DEBE35 /* Release */,
			);
			defaultConfigurationIsVisible = 0;
			defaultConfigurationName = Release;
		};
		71D3A60727DB488000DEBE35 /* Build configuration list for PBXNativeTarget "jeller (iOS)" */ = {
			isa = XCConfigurationList;
			buildConfigurations = (
				71D3A60827DB488000DEBE35 /* Debug */,
				71D3A60927DB488000DEBE35 /* Release */,
			);
			defaultConfigurationIsVisible = 0;
			defaultConfigurationName = Release;
		};
		71D3A60A27DB488000DEBE35 /* Build configuration list for PBXNativeTarget "jeller (macOS)" */ = {
			isa = XCConfigurationList;
			buildConfigurations = (
				71D3A60B27DB488000DEBE35 /* Debug */,
				71D3A60C27DB488000DEBE35 /* Release */,
			);
			defaultConfigurationIsVisible = 0;
			defaultConfigurationName = Release;
		};
		71D3A60D27DB488000DEBE35 /* Build configuration list for PBXNativeTarget "Tests iOS" */ = {
			isa = XCConfigurationList;
			buildConfigurations = (
				71D3A60E27DB488000DEBE35 /* Debug */,
				71D3A60F27DB488000DEBE35 /* Release */,
			);
			defaultConfigurationIsVisible = 0;
			defaultConfigurationName = Release;
		};
		71D3A61027DB488000DEBE35 /* Build configuration list for PBXNativeTarget "Tests macOS" */ = {
			isa = XCConfigurationList;
			buildConfigurations = (
				71D3A61127DB488000DEBE35 /* Debug */,
				71D3A61227DB488000DEBE35 /* Release */,
			);
			defaultConfigurationIsVisible = 0;
			defaultConfigurationName = Release;
		};
/* End XCConfigurationList section */
	};
	rootObject = 71D3A5D227DB487E00DEBE35 /* Project object */;
}
